<?xml version="1.0" encoding="utf-8"?>
<Project ToolsVersion="4.0" xmlns="http://schemas.microsoft.com/developer/msbuild/2003">
  <ItemGroup>
    <Filter Include="Source Files">
      <UniqueIdentifier>{4FC737F1-C7A5-4376-A066-2A32D752A2FF}</UniqueIdentifier>
      <Extensions>cpp;c;cc;cxx;c++;cppm;ixx;def;odl;idl;hpj;bat;asm;asmx</Extensions>
    </Filter>
    <Filter Include="Header Files">
      <UniqueIdentifier>{93995380-89BD-4b04-88EB-625FBE52EBFB}</UniqueIdentifier>
      <Extensions>h;hh;hpp;hxx;h++;hm;inl;inc;ipp;xsd</Extensions>
    </Filter>
    <Filter Include="Resource Files">
      <UniqueIdentifier>{67DA6AB6-F800-4c08-8B7A-83BB121AAD01}</UniqueIdentifier>
      <Extensions>rc;ico;cur;bmp;dlg;rc2;rct;bin;rgs;gif;jpg;jpeg;jpe;resx;tiff;tif;png;wav;mfcribbon-ms</Extensions>
    </Filter>
  </ItemGroup>
  <ItemGroup>
    <ClCompile Include="main.cpp">
      <Filter>Source Files</Filter>
    </ClCompile>
    <ClCompile Include="luau-master\Ast\src\Ast.cpp">
      <Filter>Source Files</Filter>
    </ClCompile>
    <ClCompile Include="luau-master\Ast\src\Confusables.cpp">
      <Filter>Source Files</Filter>
    </ClCompile>
    <ClCompile Include="luau-master\Ast\src\Lexer.cpp">
      <Filter>Source Files</Filter>
    </ClCompile>
    <ClCompile Include="luau-master\Ast\src\Location.cpp">
      <Filter>Source Files</Filter>
    </ClCompile>
    <ClCompile Include="luau-master\Ast\src\Parser.cpp">
      <Filter>Source Files</Filter>
    </ClCompile>
    <ClCompile Include="luau-master\Ast\src\StringUtils.cpp">
      <Filter>Source Files</Filter>
    </ClCompile>
    <ClCompile Include="luau-master\Ast\src\TimeTrace.cpp">
      <Filter>Source Files</Filter>
    </ClCompile>
    <ClCompile Include="dissassembler\Dissassembler.cpp">
      <Filter>Source Files</Filter>
    </ClCompile>
    <ClCompile Include="luau-master\VM\src\lapi.cpp">
      <Filter>Source Files</Filter>
    </ClCompile>
    <ClCompile Include="luau-master\VM\src\laux.cpp">
      <Filter>Source Files</Filter>
    </ClCompile>
    <ClCompile Include="luau-master\VM\src\lbaselib.cpp">
      <Filter>Source Files</Filter>
    </ClCompile>
    <ClCompile Include="luau-master\VM\src\lbitlib.cpp">
      <Filter>Source Files</Filter>
    </ClCompile>
    <ClCompile Include="luau-master\VM\src\lbuiltins.cpp">
      <Filter>Source Files</Filter>
    </ClCompile>
    <ClCompile Include="luau-master\VM\src\lcorolib.cpp">
      <Filter>Source Files</Filter>
    </ClCompile>
    <ClCompile Include="luau-master\VM\src\ldblib.cpp">
      <Filter>Source Files</Filter>
    </ClCompile>
    <ClCompile Include="luau-master\VM\src\ldebug.cpp">
      <Filter>Source Files</Filter>
    </ClCompile>
    <ClCompile Include="luau-master\VM\src\ldo.cpp">
      <Filter>Source Files</Filter>
    </ClCompile>
    <ClCompile Include="luau-master\VM\src\lfunc.cpp">
      <Filter>Source Files</Filter>
    </ClCompile>
    <ClCompile Include="luau-master\VM\src\lgc.cpp">
      <Filter>Source Files</Filter>
    </ClCompile>
    <ClCompile Include="luau-master\VM\src\lgcdebug.cpp">
      <Filter>Source Files</Filter>
    </ClCompile>
    <ClCompile Include="luau-master\VM\src\linit.cpp">
      <Filter>Source Files</Filter>
    </ClCompile>
    <ClCompile Include="luau-master\VM\src\lmathlib.cpp">
      <Filter>Source Files</Filter>
    </ClCompile>
    <ClCompile Include="luau-master\VM\src\lmem.cpp">
      <Filter>Source Files</Filter>
    </ClCompile>
    <ClCompile Include="luau-master\VM\src\lnumprint.cpp">
      <Filter>Source Files</Filter>
    </ClCompile>
    <ClCompile Include="luau-master\VM\src\lobject.cpp">
      <Filter>Source Files</Filter>
    </ClCompile>
    <ClCompile Include="luau-master\VM\src\loslib.cpp">
      <Filter>Source Files</Filter>
    </ClCompile>
    <ClCompile Include="luau-master\VM\src\lperf.cpp">
      <Filter>Source Files</Filter>
    </ClCompile>
    <ClCompile Include="luau-master\VM\src\lstate.cpp">
      <Filter>Source Files</Filter>
    </ClCompile>
    <ClCompile Include="luau-master\VM\src\lstring.cpp">
      <Filter>Source Files</Filter>
    </ClCompile>
    <ClCompile Include="luau-master\VM\src\lstrlib.cpp">
      <Filter>Source Files</Filter>
    </ClCompile>
    <ClCompile Include="luau-master\VM\src\ltable.cpp">
      <Filter>Source Files</Filter>
    </ClCompile>
    <ClCompile Include="luau-master\VM\src\ltablib.cpp">
      <Filter>Source Files</Filter>
    </ClCompile>
    <ClCompile Include="luau-master\VM\src\ltm.cpp">
      <Filter>Source Files</Filter>
    </ClCompile>
    <ClCompile Include="luau-master\VM\src\ludata.cpp">
      <Filter>Source Files</Filter>
    </ClCompile>
    <ClCompile Include="luau-master\VM\src\lutf8lib.cpp">
      <Filter>Source Files</Filter>
    </ClCompile>
    <ClCompile Include="luau-master\VM\src\lvmexecute.cpp">
      <Filter>Source Files</Filter>
    </ClCompile>
    <ClCompile Include="luau-master\VM\src\lvmload.cpp">
      <Filter>Source Files</Filter>
    </ClCompile>
    <ClCompile Include="luau-master\VM\src\lvmutils.cpp">
      <Filter>Source Files</Filter>
    </ClCompile>
    <ClCompile Include="luau-master\Compiler\src\BuiltinFolding.cpp">
      <Filter>Source Files</Filter>
    </ClCompile>
    <ClCompile Include="luau-master\Compiler\src\Builtins.cpp">
      <Filter>Source Files</Filter>
    </ClCompile>
    <ClCompile Include="luau-master\Compiler\src\BytecodeBuilder.cpp">
      <Filter>Source Files</Filter>
    </ClCompile>
    <ClCompile Include="luau-master\Compiler\src\Compiler.cpp">
      <Filter>Source Files</Filter>
    </ClCompile>
    <ClCompile Include="luau-master\Compiler\src\ConstantFolding.cpp">
      <Filter>Source Files</Filter>
    </ClCompile>
    <ClCompile Include="luau-master\Compiler\src\CostModel.cpp">
      <Filter>Source Files</Filter>
    </ClCompile>
    <ClCompile Include="luau-master\Compiler\src\lcode.cpp">
      <Filter>Source Files</Filter>
    </ClCompile>
    <ClCompile Include="luau-master\Compiler\src\TableShape.cpp">
      <Filter>Source Files</Filter>
    </ClCompile>
    <ClCompile Include="luau-master\Compiler\src\ValueTracking.cpp">
      <Filter>Source Files</Filter>
    </ClCompile>
    <ClCompile Include="decompiler\lexer\lexer_dec.cpp">
      <Filter>Source Files</Filter>
    </ClCompile>
    <ClCompile Include="decompiler\decompiler.cpp">
      <Filter>Source Files</Filter>
    </ClCompile>
    <ClCompile Include="decompiler\ast\ast_dec.cpp">
      <Filter>Source Files</Filter>
    </ClCompile>
    <ClCompile Include="decompiler\emitter\emitter.cpp">
      <Filter>Source Files</Filter>
    </ClCompile>
    <ClCompile Include="decompiler\transpiler\transpiler.cpp">
      <Filter>Source Files</Filter>
    </ClCompile>
    <ClCompile Include="decompiler\clean up\clean.cpp">
      <Filter>Source Files</Filter>
    </ClCompile>
    <ClCompile Include="decompiler\ast\post_ast.cpp">
      <Filter>Source Files</Filter>
    </ClCompile>
    <ClCompile Include="decompiler\loss\loss.cpp">
      <Filter>Source Files</Filter>
    </ClCompile>
    <ClCompile Include="decompiler\generic\generic.cpp">
      <Filter>Source Files</Filter>
    </ClCompile>
    <ClCompile Include="decompiler\ast\ast_functions\handlers\call.cpp">
      <Filter>Source Files</Filter>
    </ClCompile>
    <ClCompile Include="decompiler\ast\ast_functions\handlers\locvars.cpp">
      <Filter>Source Files</Filter>
    </ClCompile>
    <ClCompile Include="decompiler\ast\ast_functions\handlers\tables.cpp">
      <Filter>Source Files</Filter>
    </ClCompile>
    <ClCompile Include="decompiler\ast\ast_functions\handlers\arguements.cpp">
      <Filter>Source Files</Filter>
    </ClCompile>
    <ClCompile Include="decompiler\ast\ast_functions\handlers\loops.cpp">
      <Filter>Source Files</Filter>
    </ClCompile>
    <ClCompile Include="decompiler\ast\ast_functions\handlers\scopes.cpp">
      <Filter>Source Files</Filter>
    </ClCompile>
    <ClCompile Include="decompiler\ast\ast_functions\handlers\instructions.cpp">
      <Filter>Source Files</Filter>
    </ClCompile>
    <ClCompile Include="decompiler\ast\ast_functions\handlers\regs.cpp">
      <Filter>Source Files</Filter>
    </ClCompile>
    <ClCompile Include="decompiler\ast\ast_functions\handlers\upvalues.cpp">
      <Filter>Source Files</Filter>
    </ClCompile>
    <ClCompile Include="decompiler\ast\ast_functions\handlers\proto.cpp">
      <Filter>Source Files</Filter>
    </ClCompile>
    <ClCompile Include="decompiler\ast\ast_functions\handlers\branches.cpp">
      <Filter>Source Files</Filter>
    </ClCompile>
    <ClCompile Include="decompiler\ast\ast_functions\handlers\concats.cpp">
      <Filter>Source Files</Filter>
    </ClCompile>
    <ClCompile Include="decompiler\ast\ast_functions\cache\global.cpp">
      <Filter>Source Files</Filter>
    </ClCompile>
    <ClCompile Include="decompiler\ast\optimize\optmize.cpp">
      <Filter>Source Files</Filter>
    </ClCompile>
    <ClCompile Include="decompiler\ast\ast_functions\handlers\logical_expressions.cpp">
      <Filter>Source Files</Filter>
    </ClCompile>
    <ClCompile Include="decompiler\ir\ir.cpp">
      <Filter>Source Files</Filter>
    </ClCompile>
    <ClCompile Include="decompiler\ir\optimize\optimize.cpp">
      <Filter>Source Files</Filter>
    </ClCompile>
  </ItemGroup>
  <ItemGroup>
    <ClInclude Include="luau-master\Ast\include\Luau\Ast.h">
      <Filter>Header Files</Filter>
    </ClInclude>
    <ClInclude Include="luau-master\Ast\include\Luau\Confusables.h">
      <Filter>Header Files</Filter>
    </ClInclude>
    <ClInclude Include="luau-master\Ast\include\Luau\DenseHash.h">
      <Filter>Header Files</Filter>
    </ClInclude>
    <ClInclude Include="luau-master\Ast\include\Luau\Lexer.h">
      <Filter>Header Files</Filter>
    </ClInclude>
    <ClInclude Include="luau-master\Ast\include\Luau\Location.h">
      <Filter>Header Files</Filter>
    </ClInclude>
    <ClInclude Include="luau-master\Ast\include\Luau\ParseOptions.h">
      <Filter>Header Files</Filter>
    </ClInclude>
    <ClInclude Include="luau-master\Ast\include\Luau\Parser.h">
      <Filter>Header Files</Filter>
    </ClInclude>
    <ClInclude Include="luau-master\Ast\include\Luau\ParseResult.h">
      <Filter>Header Files</Filter>
    </ClInclude>
    <ClInclude Include="luau-master\Ast\include\Luau\StringUtils.h">
      <Filter>Header Files</Filter>
    </ClInclude>
    <ClInclude Include="luau-master\Ast\include\Luau\TimeTrace.h">
      <Filter>Header Files</Filter>
    </ClInclude>
    <ClInclude Include="dissassembler\Dissassembler.hpp">
      <Filter>Header Files</Filter>
    </ClInclude>
    <ClInclude Include="dissassembler\Op_table.hpp">
      <Filter>Header Files</Filter>
    </ClInclude>
    <ClInclude Include="luau-master\VM\include\lua.h">
      <Filter>Header Files</Filter>
    </ClInclude>
    <ClInclude Include="luau-master\VM\include\luaconf.h">
      <Filter>Header Files</Filter>
    </ClInclude>
    <ClInclude Include="luau-master\VM\include\lualib.h">
      <Filter>Header Files</Filter>
    </ClInclude>
    <ClInclude Include="luau-master\VM\src\lapi.h">
      <Filter>Header Files</Filter>
    </ClInclude>
    <ClInclude Include="luau-master\VM\src\lbuiltins.h">
      <Filter>Header Files</Filter>
    </ClInclude>
    <ClInclude Include="luau-master\VM\src\lbytecode.h">
      <Filter>Header Files</Filter>
    </ClInclude>
    <ClInclude Include="luau-master\VM\src\lcommon.h">
      <Filter>Header Files</Filter>
    </ClInclude>
    <ClInclude Include="luau-master\VM\src\ldebug.h">
      <Filter>Header Files</Filter>
    </ClInclude>
    <ClInclude Include="luau-master\VM\src\ldo.h">
      <Filter>Header Files</Filter>
    </ClInclude>
    <ClInclude Include="luau-master\VM\src\lfunc.h">
      <Filter>Header Files</Filter>
    </ClInclude>
    <ClInclude Include="luau-master\VM\src\lgc.h">
      <Filter>Header Files</Filter>
    </ClInclude>
    <ClInclude Include="luau-master\VM\src\lmem.h">
      <Filter>Header Files</Filter>
    </ClInclude>
    <ClInclude Include="luau-master\VM\src\lnumutils.h">
      <Filter>Header Files</Filter>
    </ClInclude>
    <ClInclude Include="luau-master\VM\src\lobject.h">
      <Filter>Header Files</Filter>
    </ClInclude>
    <ClInclude Include="luau-master\VM\src\lstate.h">
      <Filter>Header Files</Filter>
    </ClInclude>
    <ClInclude Include="luau-master\VM\src\lstring.h">
      <Filter>Header Files</Filter>
    </ClInclude>
    <ClInclude Include="luau-master\VM\src\ltable.h">
      <Filter>Header Files</Filter>
    </ClInclude>
    <ClInclude Include="luau-master\VM\src\ltm.h">
      <Filter>Header Files</Filter>
    </ClInclude>
    <ClInclude Include="luau-master\VM\src\ludata.h">
      <Filter>Header Files</Filter>
    </ClInclude>
    <ClInclude Include="luau-master\VM\src\lvm.h">
      <Filter>Header Files</Filter>
    </ClInclude>
    <ClInclude Include="luau-master\Compiler\include\Luau\BytecodeBuilder.h">
      <Filter>Header Files</Filter>
    </ClInclude>
    <ClInclude Include="luau-master\Compiler\include\Luau\Compiler.h">
      <Filter>Header Files</Filter>
    </ClInclude>
    <ClInclude Include="luau-master\Compiler\include\luacode.h">
      <Filter>Header Files</Filter>
    </ClInclude>
    <ClInclude Include="luau-master\Compiler\src\BuiltinFolding.h">
      <Filter>Header Files</Filter>
    </ClInclude>
    <ClInclude Include="luau-master\Compiler\src\Builtins.h">
      <Filter>Header Files</Filter>
    </ClInclude>
    <ClInclude Include="luau-master\Compiler\src\ConstantFolding.h">
      <Filter>Header Files</Filter>
    </ClInclude>
    <ClInclude Include="luau-master\Compiler\src\CostModel.h">
      <Filter>Header Files</Filter>
    </ClInclude>
    <ClInclude Include="luau-master\Compiler\src\TableShape.h">
      <Filter>Header Files</Filter>
    </ClInclude>
    <ClInclude Include="luau-master\Compiler\src\ValueTracking.h">
      <Filter>Header Files</Filter>
    </ClInclude>
    <ClInclude Include="luau-master\Common\include\Luau\Bytecode.h">
      <Filter>Header Files</Filter>
    </ClInclude>
    <ClInclude Include="luau-master\Common\include\Luau\Common.h">
      <Filter>Header Files</Filter>
    </ClInclude>
    <ClInclude Include="luau-master\Common\include\Luau\ExperimentalFlags.h">
      <Filter>Header Files</Filter>
    </ClInclude>
    <ClInclude Include="decompiler\lexer\lexer_dec.hpp">
      <Filter>Header Files</Filter>
    </ClInclude>
    <ClInclude Include="decompiler\decompiler.hpp">
      <Filter>Header Files</Filter>
    </ClInclude>
    <ClInclude Include="decompiler\ast\ast_dec.hpp">
      <Filter>Header Files</Filter>
    </ClInclude>
    <ClInclude Include="decompiler\emitter\emitter.hpp">
      <Filter>Header Files</Filter>
    </ClInclude>
    <ClInclude Include="decompiler\transpiler\transpiler.hpp">
      <Filter>Header Files</Filter>
    </ClInclude>
    <ClInclude Include="decompiler\ast\ast_config.hpp">
      <Filter>Header Files</Filter>
    </ClInclude>
    <ClInclude Include="decompiler\debug.hpp">
      <Filter>Header Files</Filter>
    </ClInclude>
    <ClInclude Include="decompiler\clean up\clean.hpp">
      <Filter>Header Files</Filter>
    </ClInclude>
    <ClInclude Include="decompiler\ast\post_ast.hpp">
      <Filter>Header Files</Filter>
    </ClInclude>
    <ClInclude Include="decompiler\transpiler\transpiler_data.hpp">
      <Filter>Header Files</Filter>
    </ClInclude>
    <ClInclude Include="decompiler\loss\loss.hpp">
      <Filter>Header Files</Filter>
    </ClInclude>
    <ClInclude Include="decompiler\generic\generic.hpp">
      <Filter>Header Files</Filter>
    </ClInclude>
    <ClInclude Include="decompiler\transpiler\transpiler_macros.hpp">
      <Filter>Header Files</Filter>
    </ClInclude>
    <ClInclude Include="decompiler\color.hpp">
      <Filter>Header Files</Filter>
    </ClInclude>
    <ClInclude Include="decompiler\transpiler\transpiler_debug.hpp">
      <Filter>Header Files</Filter>
    </ClInclude>
    <ClInclude Include="decompiler\ast\ast_macros.hpp">
      <Filter>Header Files</Filter>
    </ClInclude>
    <ClInclude Include="decompiler\clean up\clean_macro.hpp">
      <Filter>Header Files</Filter>
    </ClInclude>
    <ClInclude Include="decompiler\ast\optimize\optimize.hpp">
      <Filter>Header Files</Filter>
    </ClInclude>
    <ClInclude Include="decompiler\ast\ast_functions\ast_functions_macros.hpp">
      <Filter>Header Files</Filter>
    </ClInclude>
    <ClInclude Include="decompiler\ir\ir.hpp">
      <Filter>Header Files</Filter>
    </ClInclude>
    <ClInclude Include="decompiler\ir\optimize\optimize.hpp">
      <Filter>Header Files</Filter>
    </ClInclude>
  </ItemGroup>
  <ItemGroup>
    <CopyFileToFolders Include="compile_me.lua" />
  </ItemGroup>
  <ItemGroup>
    <None Include="..\README.md" />
    <None Include="..\Known Issues.text" />
    <None Include="decompiler\ast\ast_functions\ast_functions.hpp" />
    <None Include="TODO.text" />
    <None Include=".clang-format" />
  </ItemGroup>
</Project>